
Microsoft Visual Studio Solution File, Format Version 12.00
# Visual Studio Version 16
VisualStudioVersion = 16.0.31025.194
MinimumVisualStudioVersion = 10.0.40219.1
Project("{FAE04EC0-301F-11D3-BF4B-00C04F79EFBC}") = "Exe7", "Exe7.csproj", "{CFC43610-40EA-4F47-ACD2-AD0C6E76F55A}"
EndProject
Global
	GlobalSection(SolutionConfigurationPlatforms) = preSolution
		Debug|Any CPU = Debug|Any CPU
		Release|Any CPU = Release|Any CPU
	EndGlobalSection
	GlobalSection(ProjectConfigurationPlatforms) = postSolution
		{CFC43610-40EA-4F47-ACD2-AD0C6E76F55A}.Debug|Any CPU.ActiveCfg = Debug|Any CPU
		{CFC43610-40EA-4F47-ACD2-AD0C6E76F55A}.Debug|Any CPU.Build.0 = Debug|Any CPU
		{CFC43610-40EA-4F47-ACD2-AD0C6E76F55A}.Release|Any CPU.ActiveCfg = Release|Any CPU
		{CFC43610-40EA-4F47-ACD2-AD0C6E76F55A}.Release|Any CPU.Build.0 = Release|Any CPU
	EndGlobalSection
	GlobalSection(SolutionProperties) = preSolution
		HideSolutionNode = FALSE
	EndGlobalSection
	GlobalSection(ExtensibilityGlobals) = postSolution
		SolutionGuid = {C7BA6DF7-E4B3-48D8-BD16-2909699AC8BB}
	EndGlobalSection
EndGlobal
