
Microsoft Visual Studio Solution File, Format Version 12.00
# Visual Studio Version 16
VisualStudioVersion = 16.0.31025.194
MinimumVisualStudioVersion = 10.0.40219.1
Project("{FAE04EC0-301F-11D3-BF4B-00C04F79EFBC}") = "Exe9", "Exe9.csproj", "{62FF345D-850A-4F5A-9129-CA8BD5FEA30E}"
EndProject
Global
	GlobalSection(SolutionConfigurationPlatforms) = preSolution
		Debug|Any CPU = Debug|Any CPU
		Release|Any CPU = Release|Any CPU
	EndGlobalSection
	GlobalSection(ProjectConfigurationPlatforms) = postSolution
		{62FF345D-850A-4F5A-9129-CA8BD5FEA30E}.Debug|Any CPU.ActiveCfg = Debug|Any CPU
		{62FF345D-850A-4F5A-9129-CA8BD5FEA30E}.Debug|Any CPU.Build.0 = Debug|Any CPU
		{62FF345D-850A-4F5A-9129-CA8BD5FEA30E}.Release|Any CPU.ActiveCfg = Release|Any CPU
		{62FF345D-850A-4F5A-9129-CA8BD5FEA30E}.Release|Any CPU.Build.0 = Release|Any CPU
	EndGlobalSection
	GlobalSection(SolutionProperties) = preSolution
		HideSolutionNode = FALSE
	EndGlobalSection
	GlobalSection(ExtensibilityGlobals) = postSolution
		SolutionGuid = {F56DA6A3-8E55-4C9C-B5BB-FB2F24AF9ADC}
	EndGlobalSection
EndGlobal
